// !$*UTF8*$!
{
	archiveVersion = 1;
	classes = {
	};
	objectVersion = 50;
	objects = {

/* Begin PBXBuildFile section */
		F5798CA1228C888300427DB2 /* AppDelegate.swift in Sources */ = {isa = PBXBuildFile; fileRef = F5798CA0228C888300427DB2 /* AppDelegate.swift */; };
		F5798CA3228C888300427DB2 /* FirstViewController.swift in Sources */ = {isa = PBXBuildFile; fileRef = F5798CA2228C888300427DB2 /* FirstViewController.swift */; };
		F5798CA6228C888300427DB2 /* Main.storyboard in Resources */ = {isa = PBXBuildFile; fileRef = F5798CA4228C888300427DB2 /* Main.storyboard */; };
		F5798CA8228C888400427DB2 /* Assets.xcassets in Resources */ = {isa = PBXBuildFile; fileRef = F5798CA7228C888400427DB2 /* Assets.xcassets */; };
		F5798CAB228C888400427DB2 /* LaunchScreen.storyboard in Resources */ = {isa = PBXBuildFile; fileRef = F5798CA9228C888400427DB2 /* LaunchScreen.storyboard */; };
		F5798CB3228C89DD00427DB2 /* MiddleViewController.swift in Sources */ = {isa = PBXBuildFile; fileRef = F5798CB2228C89DD00427DB2 /* MiddleViewController.swift */; };
		F5798CB5228C89EA00427DB2 /* LastViewController.swift in Sources */ = {isa = PBXBuildFile; fileRef = F5798CB4228C89EA00427DB2 /* LastViewController.swift */; };
/* End PBXBuildFile section */

/* Begin PBXFileReference section */
		F5798C9D228C888300427DB2 /* OrderOfEvents.app */ = {isa = PBXFileReference; explicitFileType = wrapper.application; includeInIndex = 0; path = OrderOfEvents.app; sourceTree = BUILT_PRODUCTS_DIR; };
		F5798CA0228C888300427DB2 /* AppDelegate.swift */ = {isa = PBXFileReference; lastKnownFileType = sourcecode.swift; path = AppDelegate.swift; sourceTree = "<group>"; };
		F5798CA2228C888300427DB2 /* FirstViewController.swift */ = {isa = PBXFileReference; lastKnownFileType = sourcecode.swift; path = FirstViewController.swift; sourceTree = "<group>"; };
		F5798CA5228C888300427DB2 /* Base */ = {isa = PBXFileReference; lastKnownFileType = file.storyboard; name = Base; path = Base.lproj/Main.storyboard; sourceTree = "<group>"; };
		F5798CA7228C888400427DB2 /* Assets.xcassets */ = {isa = PBXFileReference; lastKnownFileType = folder.assetcatalog; path = Assets.xcassets; sourceTree = "<group>"; };
		F5798CAA228C888400427DB2 /* Base */ = {isa = PBXFileReference; lastKnownFileType = file.storyboard; name = Base; path = Base.lproj/LaunchScreen.storyboard; sourceTree = "<group>"; };
		F5798CAC228C888400427DB2 /* Info.plist */ = {isa = PBXFileReference; lastKnownFileType = text.plist.xml; path = Info.plist; sourceTree = "<group>"; };
		F5798CB2228C89DD00427DB2 /* MiddleViewController.swift */ = {isa = PBXFileReference; lastKnownFileType = sourcecode.swift; path = MiddleViewController.swift; sourceTree = "<group>"; };
		F5798CB4228C89EA00427DB2 /* LastViewController.swift */ = {isa = PBXFileReference; lastKnownFileType = sourcecode.swift; path = LastViewController.swift; sourceTree = "<group>"; };
/* End PBXFileReference section */

/* Begin PBXFrameworksBuildPhase section */
		F5798C9A228C888300427DB2 /* Frameworks */ = {
			isa = PBXFrameworksBuildPhase;
			buildActionMask = 2147483647;
			files = (
			);
			runOnlyForDeploymentPostprocessing = 0;
		};
/* End PBXFrameworksBuildPhase section */

/* Begin PBXGroup section */
		F5798C94228C888300427DB2 = {
			isa = PBXGroup;
			children = (
				F5798C9F228C888300427DB2 /* OrderOfEvents */,
				F5798C9E228C888300427DB2 /* Products */,
			);
			sourceTree = "<group>";
		};
		F5798C9E228C888300427DB2 /* Products */ = {
			isa = PBXGroup;
			children = (
				F5798C9D228C888300427DB2 /* OrderOfEvents.app */,
			);
			name = Products;
			sourceTree = "<group>";
		};
		F5798C9F228C888300427DB2 /* OrderOfEvents */ = {
			isa = PBXGroup;
			children = (
				F5798CA0228C888300427DB2 /* AppDelegate.swift */,
				F5798CA2228C888300427DB2 /* FirstViewController.swift */,
				F5798CA4228C888300427DB2 /* Main.storyboard */,
				F5798CB2228C89DD00427DB2 /* MiddleViewController.swift */,
				F5798CB4228C89EA00427DB2 /* LastViewController.swift */,
				F5798CA7228C888400427DB2 /* Assets.xcassets */,
				F5798CA9228C888400427DB2 /* LaunchScreen.storyboard */,
				F5798CAC228C888400427DB2 /* Info.plist */,
			);
			path = OrderOfEvents;
			sourceTree = "<group>";
		};
/* End PBXGroup section */

/* Begin PBXNativeTarget section */
		F5798C9C228C888300427DB2 /* OrderOfEvents */ = {
			isa = PBXNativeTarget;
			buildConfigurationList = F5798CAF228C888400427DB2 /* Build configuration list for PBXNativeTarget "OrderOfEvents" */;
			buildPhases = (
				F5798C99228C888300427DB2 /* Sources */,
				F5798C9A228C888300427DB2 /* Frameworks */,
				F5798C9B228C888300427DB2 /* Resources */,
			);
			buildRules = (
			);
			dependencies = (
			);
			name = OrderOfEvents;
			productName = OrderOfEvents;
			productReference = F5798C9D228C888300427DB2 /* OrderOfEvents.app */;
			productType = "com.apple.product-type.application";
		};
/* End PBXNativeTarget section */

/* Begin PBXProject section */
		F5798C95228C888300427DB2 /* Project object */ = {
			isa = PBXProject;
			attributes = {
				LastSwiftUpdateCheck = 1010;
				LastUpgradeCheck = 1010;
				ORGANIZATIONNAME = "Swift Learning";
				TargetAttributes = {
					F5798C9C228C888300427DB2 = {
						CreatedOnToolsVersion = 10.1;
					};
				};
			};
			buildConfigurationList = F5798C98228C888300427DB2 /* Build configuration list for PBXProject "OrderOfEvents" */;
			compatibilityVersion = "Xcode 9.3";
			developmentRegion = en;
			hasScannedForEncodings = 0;
			knownRegions = (
				en,
				Base,
			);
			mainGroup = F5798C94228C888300427DB2;
			productRefGroup = F5798C9E228C888300427DB2 /* Products */;
			projectDirPath = "";
			projectRoot = "";
			targets = (
				F5798C9C228C888300427DB2 /* OrderOfEvents */,
			);
		};
/* End PBXProject section */

/* Begin PBXResourcesBuildPhase section */
		F5798C9B228C888300427DB2 /* Resources */ = {
			isa = PBXResourcesBuildPhase;
			buildActionMask = 2147483647;
			files = (
				F5798CAB228C888400427DB2 /* LaunchScreen.storyboard in Resources */,
				F5798CA8228C888400427DB2 /* Assets.xcassets in Resources */,
				F5798CA6228C888300427DB2 /* Main.storyboard in Resources */,
			);
			runOnlyForDeploymentPostprocessing = 0;
		};
/* End PBXResourcesBuildPhase section */

/* Begin PBXSourcesBuildPhase section */
		F5798C99228C888300427DB2 /* Sources */ = {
			isa = PBXSourcesBuildPhase;
			buildActionMask = 2147483647;
			files = (
				F5798CA3228C888300427DB2 /* FirstViewController.swift in Sources */,
				F5798CA1228C888300427DB2 /* AppDelegate.swift in Sources */,
				F5798CB5228C89EA00427DB2 /* LastViewController.swift in Sources */,
				F5798CB3228C89DD00427DB2 /* MiddleViewController.swift in Sources */,
			);
			runOnlyForDeploymentPostprocessing = 0;
		};
/* End PBXSourcesBuildPhase section */

/* Begin PBXVariantGroup section */
		F5798CA4228C888300427DB2 /* Main.storyboard */ = {
			isa = PBXVariantGroup;
			children = (
				F5798CA5228C888300427DB2 /* Base */,
			);
			name = Main.storyboard;
			sourceTree = "<group>";
		};
		F5798CA9228C888400427DB2 /* LaunchScreen.storyboard */ = {
			isa = PBXVariantGroup;
			children = (
				F5798CAA228C888400427DB2 /* Base */,
			);
			name = LaunchScreen.storyboard;
			sourceTree = "<group>";
		};
/* End PBXVariantGroup section */

/* Begin XCBuildConfiguration section */
		F5798CAD228C888400427DB2 /* Debug */ = {
			isa = XCBuildConfiguration;
			buildSettings = {
				ALWAYS_SEARCH_USER_PATHS = NO;
				CLANG_ANALYZER_NONNULL = YES;
				CLANG_ANALYZER_NUMBER_OBJECT_CONVERSION = YES_AGGRESSIVE;
				CLANG_CXX_LANGUAGE_STANDARD = "gnu++14";
				CLANG_CXX_LIBRARY = "libc++";
				CLANG_ENABLE_MODULES = YES;
				CLANG_ENABLE_OBJC_ARC = YES;
				CLANG_ENABLE_OBJC_WEAK = YES;
				CLANG_WARN_BLOCK_CAPTURE_AUTORELEASING = YES;
				CLANG_WARN_BOOL_CONVERSION = YES;
				CLANG_WARN_COMMA = YES;
				CLANG_WARN_CONSTANT_CONVERSION = YES;
				CLANG_WARN_DEPRECATED_OBJC_IMPLEMENTATIONS = YES;
				CLANG_WARN_DIRECT_OBJC_ISA_USAGE = YES_ERROR;
				CLANG_WARN_DOCUMENTATION_COMMENTS = YES;
				CLANG_WARN_EMPTY_BODY = YES;
				CLANG_WARN_ENUM_CONVERSION = YES;
				CLANG_WARN_INFINITE_RECURSION = YES;
				CLANG_WARN_INT_CONVERSION = YES;
				CLANG_WARN_NON_LITERAL_NULL_CONVERSION = YES;
				CLANG_WARN_OBJC_IMPLICIT_RETAIN_SELF = YES;
				CLANG_WARN_OBJC_LITERAL_CONVERSION = YES;
				CLANG_WARN_OBJC_ROOT_CLASS = YES_ERROR;
				CLANG_WARN_RANGE_LOOP_ANALYSIS = YES;
				CLANG_WARN_STRICT_PROTOTYPES = YES;
				CLANG_WARN_SUSPICIOUS_MOVE = YES;
				CLANG_WARN_UNGUARDED_AVAILABILITY = YES_AGGRESSIVE;
				CLANG_WARN_UNREACHABLE_CODE = YES;
				CLANG_WARN__DUPLICATE_METHOD_MATCH = YES;
				CODE_SIGN_IDENTITY = "iPhone Developer";
				COPY_PHASE_STRIP = NO;
				DEBUG_INFORMATION_FORMAT = dwarf;
				ENABLE_STRICT_OBJC_MSGSEND = YES;
				ENABLE_TESTABILITY = YES;
				GCC_C_LANGUAGE_STANDARD = gnu11;
				GCC_DYNAMIC_NO_PIC = NO;
				GCC_NO_COMMON_BLOCKS = YES;
				GCC_OPTIMIZATION_LEVEL = 0;
				GCC_PREPROCESSOR_DEFINITIONS = (
					"DEBUG=1",
					"$(inherited)",
				);
				GCC_WARN_64_TO_32_BIT_CONVERSION = YES;
				GCC_WARN_ABOUT_RETURN_TYPE = YES_ERROR;
				GCC_WARN_UNDECLARED_SELECTOR = YES;
				GCC_WARN_UNINITIALIZED_AUTOS = YES_AGGRESSIVE;
				GCC_WARN_UNUSED_FUNCTION = YES;
				GCC_WARN_UNUSED_VARIABLE = YES;
				IPHONEOS_DEPLOYMENT_TARGET = 12.1;
				MTL_ENABLE_DEBUG_INFO = INCLUDE_SOURCE;
				MTL_FAST_MATH = YES;
				ONLY_ACTIVE_ARCH = YES;
				SDKROOT = iphoneos;
				SWIFT_ACTIVE_COMPILATION_CONDITIONS = DEBUG;
				SWIFT_OPTIMIZATION_LEVEL = "-Onone";
			};
			name = Debug;
		};
		F5798CAE228C888400427DB2 /* Release */ = {
			isa = XCBuildConfiguration;
			buildSettings = {
				ALWAYS_SEARCH_USER_PATHS = NO;
				CLANG_ANALYZER_NONNULL = YES;
				CLANG_ANALYZER_NUMBER_OBJECT_CONVERSION = YES_AGGRESSIVE;
				CLANG_CXX_LANGUAGE_STANDARD = "gnu++14";
				CLANG_CXX_LIBRARY = "libc++";
				CLANG_ENABLE_MODULES = YES;
				CLANG_ENABLE_OBJC_ARC = YES;
				CLANG_ENABLE_OBJC_WEAK = YES;
				CLANG_WARN_BLOCK_CAPTURE_AUTORELEASING = YES;
				CLANG_WARN_BOOL_CONVERSION = YES;
				CLANG_WARN_COMMA = YES;
				CLANG_WARN_CONSTANT_CONVERSION = YES;
				CLANG_WARN_DEPRECATED_OBJC_IMPLEMENTATIONS = YES;
				CLANG_WARN_DIRECT_OBJC_ISA_USAGE = YES_ERROR;
				CLANG_WARN_DOCUMENTATION_COMMENTS = YES;
				CLANG_WARN_EMPTY_BODY = YES;
				CLANG_WARN_ENUM_CONVERSION = YES;
				CLANG_WARN_INFINITE_RECURSION = YES;
				CLANG_WARN_INT_CONVERSION = YES;
				CLANG_WARN_NON_LITERAL_NULL_CONVERSION = YES;
				CLANG_WARN_OBJC_IMPLICIT_RETAIN_SELF = YES;
				CLANG_WARN_OBJC_LITERAL_CONVERSION = YES;
				CLANG_WARN_OBJC_ROOT_CLASS = YES_ERROR;
				CLANG_WARN_RANGE_LOOP_ANALYSIS = YES;
				CLANG_WARN_STRICT_PROTOTYPES = YES;
				CLANG_WARN_SUSPICIOUS_MOVE = YES;
				CLANG_WARN_UNGUARDED_AVAILABILITY = YES_AGGRESSIVE;
				CLANG_WARN_UNREACHABLE_CODE = YES;
				CLANG_WARN__DUPLICATE_METHOD_MATCH = YES;
				CODE_SIGN_IDENTITY = "iPhone Developer";
				COPY_PHASE_STRIP = NO;
				DEBUG_INFORMATION_FORMAT = "dwarf-with-dsym";
				ENABLE_NS_ASSERTIONS = NO;
				ENABLE_STRICT_OBJC_MSGSEND = YES;
				GCC_C_LANGUAGE_STANDARD = gnu11;
				GCC_NO_COMMON_BLOCKS = YES;
				GCC_WARN_64_TO_32_BIT_CONVERSION = YES;
				GCC_WARN_ABOUT_RETURN_TYPE = YES_ERROR;
				GCC_WARN_UNDECLARED_SELECTOR = YES;
				GCC_WARN_UNINITIALIZED_AUTOS = YES_AGGRESSIVE;
				GCC_WARN_UNUSED_FUNCTION = YES;
				GCC_WARN_UNUSED_VARIABLE = YES;
				IPHONEOS_DEPLOYMENT_TARGET = 12.1;
				MTL_ENABLE_DEBUG_INFO = NO;
				MTL_FAST_MATH = YES;
				SDKROOT = iphoneos;
				SWIFT_COMPILATION_MODE = wholemodule;
				SWIFT_OPTIMIZATION_LEVEL = "-O";
				VALIDATE_PRODUCT = YES;
			};
			name = Release;
		};
		F5798CB0228C888400427DB2 /* Debug */ = {
			isa = XCBuildConfiguration;
			buildSettings = {
				ASSETCATALOG_COMPILER_APPICON_NAME = AppIcon;
				CODE_SIGN_STYLE = Automatic;
				INFOPLIST_FILE = OrderOfEvents/Info.plist;
				LD_RUNPATH_SEARCH_PATHS = (
					"$(inherited)",
					"@executable_path/Frameworks",
				);
				PRODUCT_BUNDLE_IDENTIFIER = com.SwiftLearn.OrderOfEvents;
				PRODUCT_NAME = "$(TARGET_NAME)";
				SWIFT_VERSION = 4.2;
				TARGETED_DEVICE_FAMILY = "1,2";
			};
			name = Debug;
		};
		F5798CB1228C888400427DB2 /* Release */ = {
			isa = XCBuildConfiguration;
			buildSettings = {
				ASSETCATALOG_COMPILER_APPICON_NAME = AppIcon;
				CODE_SIGN_STYLE = Automatic;
				INFOPLIST_FILE = OrderOfEvents/Info.plist;
				LD_RUNPATH_SEARCH_PATHS = (
					"$(inherited)",
					"@executable_path/Frameworks",
				);
				PRODUCT_BUNDLE_IDENTIFIER = com.SwiftLearn.OrderOfEvents;
				PRODUCT_NAME = "$(TARGET_NAME)";
				SWIFT_VERSION = 4.2;
				TARGETED_DEVICE_FAMILY = "1,2";
			};
			name = Release;
		};
/* End XCBuildConfiguration section */

/* Begin XCConfigurationList section */
		F5798C98228C888300427DB2 /* Build configuration list for PBXProject "OrderOfEvents" */ = {
			isa = XCConfigurationList;
			buildConfigurations = (
				F5798CAD228C888400427DB2 /* Debug */,
				F5798CAE228C888400427DB2 /* Release */,
			);
			defaultConfigurationIsVisible = 0;
			defaultConfigurationName = Release;
		};
		F5798CAF228C888400427DB2 /* Build configuration list for PBXNativeTarget "OrderOfEvents" */ = {
			isa = XCConfigurationList;
			buildConfigurations = (
				F5798CB0228C888400427DB2 /* Debug */,
				F5798CB1228C888400427DB2 /* Release */,
			);
			defaultConfigurationIsVisible = 0;
			defaultConfigurationName = Release;
		};
/* End XCConfigurationList section */
	};
	rootObject = F5798C95228C888300427DB2 /* Project object */;
}
